// !$*UTF8*$!
{
	archiveVersion = 1;
	classes = {
	};
	objectVersion = 50;
	objects = {

/* Begin PBXBuildFile section */
		88B86B6B258F64BD0003450A /* AppDelegate.swift in Sources */ = {isa = PBXBuildFile; fileRef = 88B86B6A258F64BD0003450A /* AppDelegate.swift */; };
		88B86B6D258F64BD0003450A /* SceneDelegate.swift in Sources */ = {isa = PBXBuildFile; fileRef = 88B86B6C258F64BD0003450A /* SceneDelegate.swift */; };
		88B86B6F258F64BD0003450A /* TodoListViewController.swift in Sources */ = {isa = PBXBuildFile; fileRef = 88B86B6E258F64BD0003450A /* TodoListViewController.swift */; };
		88B86B72258F64BD0003450A /* Main.storyboard in Resources */ = {isa = PBXBuildFile; fileRef = 88B86B70258F64BD0003450A /* Main.storyboard */; };
		88B86B75258F64BD0003450A /* TodoApp.xcdatamodeld in Sources */ = {isa = PBXBuildFile; fileRef = 88B86B73258F64BD0003450A /* TodoApp.xcdatamodeld */; };
		88B86B77258F64BF0003450A /* Assets.xcassets in Resources */ = {isa = PBXBuildFile; fileRef = 88B86B76258F64BF0003450A /* Assets.xcassets */; };
		88B86B7A258F64BF0003450A /* LaunchScreen.storyboard in Resources */ = {isa = PBXBuildFile; fileRef = 88B86B78258F64BF0003450A /* LaunchScreen.storyboard */; };
		88B86B8E258F6EAF0003450A /* TodoRouter.swift in Sources */ = {isa = PBXBuildFile; fileRef = 88B86B8D258F6EAF0003450A /* TodoRouter.swift */; };
		88B86B94258F6EF30003450A /* TodoRoutable.swift in Sources */ = {isa = PBXBuildFile; fileRef = 88B86B93258F6EF30003450A /* TodoRoutable.swift */; };
		88B86B98258F6EFD0003450A /* Pushable.swift in Sources */ = {isa = PBXBuildFile; fileRef = 88B86B97258F6EFD0003450A /* Pushable.swift */; };
		88B86BA0258F71290003450A /* ViewControllerMaker.swift in Sources */ = {isa = PBXBuildFile; fileRef = 88B86B9F258F71290003450A /* ViewControllerMaker.swift */; };
		88B86BA3258F71A90003450A /* TodoDetailViewController.swift in Sources */ = {isa = PBXBuildFile; fileRef = 88B86BA2258F71A90003450A /* TodoDetailViewController.swift */; };
		88B86BA9258F73200003450A /* TodoListViewController+Bindings.swift in Sources */ = {isa = PBXBuildFile; fileRef = 88B86BA8258F73200003450A /* TodoListViewController+Bindings.swift */; };
		88B86BAD258F760D0003450A /* CoerDataStack.swift in Sources */ = {isa = PBXBuildFile; fileRef = 88B86BAC258F760D0003450A /* CoerDataStack.swift */; };
		88B86BB0258F76F10003450A /* TodoPersistencyService.swift in Sources */ = {isa = PBXBuildFile; fileRef = 88B86BAF258F76F10003450A /* TodoPersistencyService.swift */; };
		88B86BB4258F77760003450A /* TodoEntity.swift in Sources */ = {isa = PBXBuildFile; fileRef = 88B86BB3258F77760003450A /* TodoEntity.swift */; };
		88B86BB9258F77AB0003450A /* CodingUserInfoKey+Extensions.swift in Sources */ = {isa = PBXBuildFile; fileRef = 88B86BB8258F77AB0003450A /* CodingUserInfoKey+Extensions.swift */; };
		88B86BBD258F77C30003450A /* NSManagedObjectContext+Extensions.swift in Sources */ = {isa = PBXBuildFile; fileRef = 88B86BBC258F77C30003450A /* NSManagedObjectContext+Extensions.swift */; };
		88B86BC1258F77E10003450A /* DecoderConfigurationError.swift in Sources */ = {isa = PBXBuildFile; fileRef = 88B86BC0258F77E10003450A /* DecoderConfigurationError.swift */; };
		88B86BC6258F79B40003450A /* TodoPersistencyServiceProtocol.swift in Sources */ = {isa = PBXBuildFile; fileRef = 88B86BC5258F79B40003450A /* TodoPersistencyServiceProtocol.swift */; };
		88B86BCA258F79D80003450A /* Typealiases.swift in Sources */ = {isa = PBXBuildFile; fileRef = 88B86BC9258F79D80003450A /* Typealiases.swift */; };
		88B86BCE258F7A820003450A /* TodoItem.swift in Sources */ = {isa = PBXBuildFile; fileRef = 88B86BCD258F7A820003450A /* TodoItem.swift */; };
		88B86BD3258F81E60003450A /* TodoDataService.swift in Sources */ = {isa = PBXBuildFile; fileRef = 88B86BD2258F81E60003450A /* TodoDataService.swift */; };
		88B86BD8258F82200003450A /* TodoDataRemovable.swift in Sources */ = {isa = PBXBuildFile; fileRef = 88B86BD7258F82200003450A /* TodoDataRemovable.swift */; };
		88B86BDD258F82390003450A /* TodoDataEditable.swift in Sources */ = {isa = PBXBuildFile; fileRef = 88B86BDC258F82390003450A /* TodoDataEditable.swift */; };
		88B86BE1258F82700003450A /* TodoDataServiceProtocol.swift in Sources */ = {isa = PBXBuildFile; fileRef = 88B86BE0258F82700003450A /* TodoDataServiceProtocol.swift */; };
		88B86BE4258F82830003450A /* TodoDataListable.swift in Sources */ = {isa = PBXBuildFile; fileRef = 88B86BE3258F82830003450A /* TodoDataListable.swift */; };
		88B86BEA258F84830003450A /* TodoDetailViewModel.swift in Sources */ = {isa = PBXBuildFile; fileRef = 88B86BE9258F84830003450A /* TodoDetailViewModel.swift */; };
		88B86BEF258F849D0003450A /* TodoDetailViewModelProtocol.swift in Sources */ = {isa = PBXBuildFile; fileRef = 88B86BEE258F849D0003450A /* TodoDetailViewModelProtocol.swift */; };
		88B86BF3258F86A10003450A /* Strings.swift in Sources */ = {isa = PBXBuildFile; fileRef = 88B86BF2258F86A10003450A /* Strings.swift */; };
		88B86BFB258F8DEE0003450A /* Numbers.swift in Sources */ = {isa = PBXBuildFile; fileRef = 88B86BFA258F8DEE0003450A /* Numbers.swift */; };
		88B86C02258F8F180003450A /* TodoListViewModel.swift in Sources */ = {isa = PBXBuildFile; fileRef = 88B86C01258F8F180003450A /* TodoListViewModel.swift */; };
		88B86C08258F8F630003450A /* TodoListCell.swift in Sources */ = {isa = PBXBuildFile; fileRef = 88B86C06258F8F630003450A /* TodoListCell.swift */; };
		88B86C09258F8F630003450A /* TodoListCell.xib in Resources */ = {isa = PBXBuildFile; fileRef = 88B86C07258F8F630003450A /* TodoListCell.xib */; };
		88B86C15258F91160003450A /* TodoListCellViewModel.swift in Sources */ = {isa = PBXBuildFile; fileRef = 88B86C14258F91160003450A /* TodoListCellViewModel.swift */; };
		88B86C1B258F913F0003450A /* TodoListCellViewModelProtocol.swift in Sources */ = {isa = PBXBuildFile; fileRef = 88B86C1A258F913F0003450A /* TodoListCellViewModelProtocol.swift */; };
		88B86C1F258F92850003450A /* TodoListViewModelProtocol.swift in Sources */ = {isa = PBXBuildFile; fileRef = 88B86C1E258F92850003450A /* TodoListViewModelProtocol.swift */; };
		88B86C23258F92C20003450A /* PaginationType.swift in Sources */ = {isa = PBXBuildFile; fileRef = 88B86C22258F92C20003450A /* PaginationType.swift */; };
		88B86C28258F94D10003450A /* Int+Extensions.swift in Sources */ = {isa = PBXBuildFile; fileRef = 88B86C27258F94D10003450A /* Int+Extensions.swift */; };
		88B86C2B258F99290003450A /* TodoListViewController+DataSource.swift in Sources */ = {isa = PBXBuildFile; fileRef = 88B86C2A258F99290003450A /* TodoListViewController+DataSource.swift */; };
		88B86C2E258F99360003450A /* TodoListViewController+Delegate.swift in Sources */ = {isa = PBXBuildFile; fileRef = 88B86C2D258F99360003450A /* TodoListViewController+Delegate.swift */; };
		88B86C34258FA4660003450A /* TodoDetailViewController+Bindings.swift in Sources */ = {isa = PBXBuildFile; fileRef = 88B86C33258FA4660003450A /* TodoDetailViewController+Bindings.swift */; };
		88B86C3B258FAFD30003450A /* Colors.swift in Sources */ = {isa = PBXBuildFile; fileRef = 88B86C3A258FAFD30003450A /* Colors.swift */; };
/* End PBXBuildFile section */

/* Begin PBXFileReference section */
		88B86B67258F64BD0003450A /* TodoApp.app */ = {isa = PBXFileReference; explicitFileType = wrapper.application; includeInIndex = 0; path = TodoApp.app; sourceTree = BUILT_PRODUCTS_DIR; };
		88B86B6A258F64BD0003450A /* AppDelegate.swift */ = {isa = PBXFileReference; lastKnownFileType = sourcecode.swift; path = AppDelegate.swift; sourceTree = "<group>"; };
		88B86B6C258F64BD0003450A /* SceneDelegate.swift */ = {isa = PBXFileReference; lastKnownFileType = sourcecode.swift; path = SceneDelegate.swift; sourceTree = "<group>"; };
		88B86B6E258F64BD0003450A /* TodoListViewController.swift */ = {isa = PBXFileReference; lastKnownFileType = sourcecode.swift; path = TodoListViewController.swift; sourceTree = "<group>"; };
		88B86B71258F64BD0003450A /* Base */ = {isa = PBXFileReference; lastKnownFileType = file.storyboard; name = Base; path = Base.lproj/Main.storyboard; sourceTree = "<group>"; };
		88B86B74258F64BD0003450A /* TodoApp.xcdatamodel */ = {isa = PBXFileReference; lastKnownFileType = wrapper.xcdatamodel; path = TodoApp.xcdatamodel; sourceTree = "<group>"; };
		88B86B76258F64BF0003450A /* Assets.xcassets */ = {isa = PBXFileReference; lastKnownFileType = folder.assetcatalog; path = Assets.xcassets; sourceTree = "<group>"; };
		88B86B79258F64BF0003450A /* Base */ = {isa = PBXFileReference; lastKnownFileType = file.storyboard; name = Base; path = Base.lproj/LaunchScreen.storyboard; sourceTree = "<group>"; };
		88B86B7B258F64BF0003450A /* Info.plist */ = {isa = PBXFileReference; lastKnownFileType = text.plist.xml; path = Info.plist; sourceTree = "<group>"; };
		88B86B8D258F6EAF0003450A /* TodoRouter.swift */ = {isa = PBXFileReference; lastKnownFileType = sourcecode.swift; path = TodoRouter.swift; sourceTree = "<group>"; };
		88B86B93258F6EF30003450A /* TodoRoutable.swift */ = {isa = PBXFileReference; lastKnownFileType = sourcecode.swift; path = TodoRoutable.swift; sourceTree = "<group>"; };
		88B86B97258F6EFD0003450A /* Pushable.swift */ = {isa = PBXFileReference; lastKnownFileType = sourcecode.swift; path = Pushable.swift; sourceTree = "<group>"; };
		88B86B9F258F71290003450A /* ViewControllerMaker.swift */ = {isa = PBXFileReference; lastKnownFileType = sourcecode.swift; path = ViewControllerMaker.swift; sourceTree = "<group>"; };
		88B86BA2258F71A90003450A /* TodoDetailViewController.swift */ = {isa = PBXFileReference; lastKnownFileType = sourcecode.swift; path = TodoDetailViewController.swift; sourceTree = "<group>"; };
		88B86BA8258F73200003450A /* TodoListViewController+Bindings.swift */ = {isa = PBXFileReference; lastKnownFileType = sourcecode.swift; path = "TodoListViewController+Bindings.swift"; sourceTree = "<group>"; };
		88B86BAC258F760D0003450A /* CoerDataStack.swift */ = {isa = PBXFileReference; lastKnownFileType = sourcecode.swift; path = CoerDataStack.swift; sourceTree = "<group>"; };
		88B86BAF258F76F10003450A /* TodoPersistencyService.swift */ = {isa = PBXFileReference; lastKnownFileType = sourcecode.swift; path = TodoPersistencyService.swift; sourceTree = "<group>"; };
		88B86BB3258F77760003450A /* TodoEntity.swift */ = {isa = PBXFileReference; lastKnownFileType = sourcecode.swift; path = TodoEntity.swift; sourceTree = "<group>"; };
		88B86BB8258F77AB0003450A /* CodingUserInfoKey+Extensions.swift */ = {isa = PBXFileReference; lastKnownFileType = sourcecode.swift; path = "CodingUserInfoKey+Extensions.swift"; sourceTree = "<group>"; };
		88B86BBC258F77C30003450A /* NSManagedObjectContext+Extensions.swift */ = {isa = PBXFileReference; lastKnownFileType = sourcecode.swift; path = "NSManagedObjectContext+Extensions.swift"; sourceTree = "<group>"; };
		88B86BC0258F77E10003450A /* DecoderConfigurationError.swift */ = {isa = PBXFileReference; lastKnownFileType = sourcecode.swift; path = DecoderConfigurationError.swift; sourceTree = "<group>"; };
		88B86BC5258F79B40003450A /* TodoPersistencyServiceProtocol.swift */ = {isa = PBXFileReference; lastKnownFileType = sourcecode.swift; path = TodoPersistencyServiceProtocol.swift; sourceTree = "<group>"; };
		88B86BC9258F79D80003450A /* Typealiases.swift */ = {isa = PBXFileReference; lastKnownFileType = sourcecode.swift; path = Typealiases.swift; sourceTree = "<group>"; };
		88B86BCD258F7A820003450A /* TodoItem.swift */ = {isa = PBXFileReference; lastKnownFileType = sourcecode.swift; path = TodoItem.swift; sourceTree = "<group>"; };
		88B86BD2258F81E60003450A /* TodoDataService.swift */ = {isa = PBXFileReference; lastKnownFileType = sourcecode.swift; path = TodoDataService.swift; sourceTree = "<group>"; };
		88B86BD7258F82200003450A /* TodoDataRemovable.swift */ = {isa = PBXFileReference; lastKnownFileType = sourcecode.swift; path = TodoDataRemovable.swift; sourceTree = "<group>"; };
		88B86BDC258F82390003450A /* TodoDataEditable.swift */ = {isa = PBXFileReference; lastKnownFileType = sourcecode.swift; path = TodoDataEditable.swift; sourceTree = "<group>"; };
		88B86BE0258F82700003450A /* TodoDataServiceProtocol.swift */ = {isa = PBXFileReference; lastKnownFileType = sourcecode.swift; path = TodoDataServiceProtocol.swift; sourceTree = "<group>"; };
		88B86BE3258F82830003450A /* TodoDataListable.swift */ = {isa = PBXFileReference; lastKnownFileType = sourcecode.swift; path = TodoDataListable.swift; sourceTree = "<group>"; };
		88B86BE9258F84830003450A /* TodoDetailViewModel.swift */ = {isa = PBXFileReference; lastKnownFileType = sourcecode.swift; path = TodoDetailViewModel.swift; sourceTree = "<group>"; };
		88B86BEE258F849D0003450A /* TodoDetailViewModelProtocol.swift */ = {isa = PBXFileReference; lastKnownFileType = sourcecode.swift; path = TodoDetailViewModelProtocol.swift; sourceTree = "<group>"; };
		88B86BF2258F86A10003450A /* Strings.swift */ = {isa = PBXFileReference; lastKnownFileType = sourcecode.swift; path = Strings.swift; sourceTree = "<group>"; };
		88B86BFA258F8DEE0003450A /* Numbers.swift */ = {isa = PBXFileReference; lastKnownFileType = sourcecode.swift; path = Numbers.swift; sourceTree = "<group>"; };
		88B86C01258F8F180003450A /* TodoListViewModel.swift */ = {isa = PBXFileReference; lastKnownFileType = sourcecode.swift; path = TodoListViewModel.swift; sourceTree = "<group>"; };
		88B86C06258F8F630003450A /* TodoListCell.swift */ = {isa = PBXFileReference; lastKnownFileType = sourcecode.swift; path = TodoListCell.swift; sourceTree = "<group>"; };
		88B86C07258F8F630003450A /* TodoListCell.xib */ = {isa = PBXFileReference; lastKnownFileType = file.xib; path = TodoListCell.xib; sourceTree = "<group>"; };
		88B86C14258F91160003450A /* TodoListCellViewModel.swift */ = {isa = PBXFileReference; lastKnownFileType = sourcecode.swift; path = TodoListCellViewModel.swift; sourceTree = "<group>"; };
		88B86C1A258F913F0003450A /* TodoListCellViewModelProtocol.swift */ = {isa = PBXFileReference; lastKnownFileType = sourcecode.swift; path = TodoListCellViewModelProtocol.swift; sourceTree = "<group>"; };
		88B86C1E258F92850003450A /* TodoListViewModelProtocol.swift */ = {isa = PBXFileReference; lastKnownFileType = sourcecode.swift; path = TodoListViewModelProtocol.swift; sourceTree = "<group>"; };
		88B86C22258F92C20003450A /* PaginationType.swift */ = {isa = PBXFileReference; lastKnownFileType = sourcecode.swift; path = PaginationType.swift; sourceTree = "<group>"; };
		88B86C27258F94D10003450A /* Int+Extensions.swift */ = {isa = PBXFileReference; lastKnownFileType = sourcecode.swift; path = "Int+Extensions.swift"; sourceTree = "<group>"; };
		88B86C2A258F99290003450A /* TodoListViewController+DataSource.swift */ = {isa = PBXFileReference; lastKnownFileType = sourcecode.swift; path = "TodoListViewController+DataSource.swift"; sourceTree = "<group>"; };
		88B86C2D258F99360003450A /* TodoListViewController+Delegate.swift */ = {isa = PBXFileReference; lastKnownFileType = sourcecode.swift; path = "TodoListViewController+Delegate.swift"; sourceTree = "<group>"; };
		88B86C33258FA4660003450A /* TodoDetailViewController+Bindings.swift */ = {isa = PBXFileReference; lastKnownFileType = sourcecode.swift; path = "TodoDetailViewController+Bindings.swift"; sourceTree = "<group>"; };
		88B86C3A258FAFD30003450A /* Colors.swift */ = {isa = PBXFileReference; lastKnownFileType = sourcecode.swift; path = Colors.swift; sourceTree = "<group>"; };
/* End PBXFileReference section */

/* Begin PBXFrameworksBuildPhase section */
		88B86B64258F64BD0003450A /* Frameworks */ = {
			isa = PBXFrameworksBuildPhase;
			buildActionMask = 2147483647;
			files = (
			);
			runOnlyForDeploymentPostprocessing = 0;
		};
/* End PBXFrameworksBuildPhase section */

/* Begin PBXGroup section */
		88B86B5E258F64BD0003450A = {
			isa = PBXGroup;
			children = (
				88B86B69258F64BD0003450A /* TodoApp */,
				88B86B68258F64BD0003450A /* Products */,
			);
			sourceTree = "<group>";
		};
		88B86B68258F64BD0003450A /* Products */ = {
			isa = PBXGroup;
			children = (
				88B86B67258F64BD0003450A /* TodoApp.app */,
			);
			name = Products;
			sourceTree = "<group>";
		};
		88B86B69258F64BD0003450A /* TodoApp */ = {
			isa = PBXGroup;
			children = (
				88B86BB6258F77990003450A /* Helpers */,
				88B86B9E258F711C0003450A /* General */,
				88B86B8B258F6E3C0003450A /* Data Layer */,
				88B86B83258F6A540003450A /* Screens */,
				88B86B6A258F64BD0003450A /* AppDelegate.swift */,
				88B86B6C258F64BD0003450A /* SceneDelegate.swift */,
				88B86B70258F64BD0003450A /* Main.storyboard */,
				88B86B76258F64BF0003450A /* Assets.xcassets */,
				88B86B78258F64BF0003450A /* LaunchScreen.storyboard */,
				88B86B7B258F64BF0003450A /* Info.plist */,
				88B86B73258F64BD0003450A /* TodoApp.xcdatamodeld */,
			);
			path = TodoApp;
			sourceTree = "<group>";
		};
		88B86B83258F6A540003450A /* Screens */ = {
			isa = PBXGroup;
			children = (
				88B86BA5258F72EF0003450A /* Todo Detail */,
				88B86B84258F6A5C0003450A /* Todo List */,
			);
			path = Screens;
			sourceTree = "<group>";
		};
		88B86B84258F6A5C0003450A /* Todo List */ = {
			isa = PBXGroup;
			children = (
				88B86BFF258F8EF30003450A /* View Model */,
				88B86B91258F6ECC0003450A /* Protocols */,
				88B86B85258F6A660003450A /* View */,
			);
			path = "Todo List";
			sourceTree = "<group>";
		};
		88B86B85258F6A660003450A /* View */ = {
			isa = PBXGroup;
			children = (
				88B86B89258F6A830003450A /* IB Items */,
				88B86B86258F6A6E0003450A /* View Classes */,
			);
			path = View;
			sourceTree = "<group>";
		};
		88B86B86258F6A6E0003450A /* View Classes */ = {
			isa = PBXGroup;
			children = (
				88B86B88258F6A7C0003450A /* Cell Classes */,
				88B86B87258F6A740003450A /* Main Classes */,
			);
			path = "View Classes";
			sourceTree = "<group>";
		};
		88B86B87258F6A740003450A /* Main Classes */ = {
			isa = PBXGroup;
			children = (
				88B86B6E258F64BD0003450A /* TodoListViewController.swift */,
				88B86C2A258F99290003450A /* TodoListViewController+DataSource.swift */,
				88B86C2D258F99360003450A /* TodoListViewController+Delegate.swift */,
				88B86BA8258F73200003450A /* TodoListViewController+Bindings.swift */,
				88B86B8D258F6EAF0003450A /* TodoRouter.swift */,
			);
			path = "Main Classes";
			sourceTree = "<group>";
		};
		88B86B88258F6A7C0003450A /* Cell Classes */ = {
			isa = PBXGroup;
			children = (
			);
			path = "Cell Classes";
			sourceTree = "<group>";
		};
		88B86B89258F6A830003450A /* IB Items */ = {
			isa = PBXGroup;
			children = (
			);
			path = "IB Items";
			sourceTree = "<group>";
		};
		88B86B8B258F6E3C0003450A /* Data Layer */ = {
			isa = PBXGroup;
			children = (
				88B86BD1258F81CF0003450A /* Data Service */,
				88B86BB2258F77650003450A /* Model */,
				88B86B8C258F6E4B0003450A /* Persistency Service */,
			);
			path = "Data Layer";
			sourceTree = "<group>";
		};
		88B86B8C258F6E4B0003450A /* Persistency Service */ = {
			isa = PBXGroup;
			children = (
				88B86BC4258F79A30003450A /* Protocols */,
				88B86BAC258F760D0003450A /* CoerDataStack.swift */,
				88B86BAF258F76F10003450A /* TodoPersistencyService.swift */,
			);
			path = "Persistency Service";
			sourceTree = "<group>";
		};
		88B86B91258F6ECC0003450A /* Protocols */ = {
			isa = PBXGroup;
			children = (
				88B86B92258F6ED20003450A /* Main Protocols */,
			);
			path = Protocols;
			sourceTree = "<group>";
		};
		88B86B92258F6ED20003450A /* Main Protocols */ = {
			isa = PBXGroup;
			children = (
				88B86B93258F6EF30003450A /* TodoRoutable.swift */,
				88B86B97258F6EFD0003450A /* Pushable.swift */,
			);
			path = "Main Protocols";
			sourceTree = "<group>";
		};
		88B86B9E258F711C0003450A /* General */ = {
			isa = PBXGroup;
			children = (
				88B86B9F258F71290003450A /* ViewControllerMaker.swift */,
			);
			path = General;
			sourceTree = "<group>";
		};
		88B86BA5258F72EF0003450A /* Todo Detail */ = {
			isa = PBXGroup;
			children = (
				88B86C21258F92B40003450A /* Model */,
				88B86BED258F848C0003450A /* Protocols */,
				88B86BE8258F84720003450A /* View Model */,
				88B86BA6258F72F50003450A /* View */,
			);
			path = "Todo Detail";
			sourceTree = "<group>";
		};
		88B86BA6258F72F50003450A /* View */ = {
			isa = PBXGroup;
			children = (
				88B86C0E258F8F970003450A /* IB Components */,
				88B86BA7258F72F90003450A /* View Classes */,
			);
			path = View;
			sourceTree = "<group>";
		};
		88B86BA7258F72F90003450A /* View Classes */ = {
			isa = PBXGroup;
			children = (
				88B86C04258F8F390003450A /* Main Classes */,
				88B86C05258F8F400003450A /* Cell Classes */,
			);
			path = "View Classes";
			sourceTree = "<group>";
		};
		88B86BB2258F77650003450A /* Model */ = {
			isa = PBXGroup;
			children = (
				88B86BBF258F77D50003450A /* Trivial Models */,
				88B86BB3258F77760003450A /* TodoEntity.swift */,
				88B86BCD258F7A820003450A /* TodoItem.swift */,
			);
			path = Model;
			sourceTree = "<group>";
		};
		88B86BB6258F77990003450A /* Helpers */ = {
			isa = PBXGroup;
			children = (
				88B86BC8258F79C50003450A /* Constants */,
				88B86BB7258F779E0003450A /* Extensions */,
			);
			path = Helpers;
			sourceTree = "<group>";
		};
		88B86BB7258F779E0003450A /* Extensions */ = {
			isa = PBXGroup;
			children = (
				88B86BB8258F77AB0003450A /* CodingUserInfoKey+Extensions.swift */,
				88B86BBC258F77C30003450A /* NSManagedObjectContext+Extensions.swift */,
				88B86C27258F94D10003450A /* Int+Extensions.swift */,
			);
			path = Extensions;
			sourceTree = "<group>";
		};
		88B86BBF258F77D50003450A /* Trivial Models */ = {
			isa = PBXGroup;
			children = (
				88B86BC0258F77E10003450A /* DecoderConfigurationError.swift */,
			);
			path = "Trivial Models";
			sourceTree = "<group>";
		};
		88B86BC4258F79A30003450A /* Protocols */ = {
			isa = PBXGroup;
			children = (
				88B86BC5258F79B40003450A /* TodoPersistencyServiceProtocol.swift */,
			);
			path = Protocols;
			sourceTree = "<group>";
		};
		88B86BC8258F79C50003450A /* Constants */ = {
			isa = PBXGroup;
			children = (
				88B86BC9258F79D80003450A /* Typealiases.swift */,
				88B86BF2258F86A10003450A /* Strings.swift */,
				88B86BFA258F8DEE0003450A /* Numbers.swift */,
				88B86C3A258FAFD30003450A /* Colors.swift */,
			);
			path = Constants;
			sourceTree = "<group>";
		};
		88B86BD1258F81CF0003450A /* Data Service */ = {
			isa = PBXGroup;
			children = (
				88B86BD6258F820E0003450A /* Protocols */,
				88B86BD2258F81E60003450A /* TodoDataService.swift */,
			);
			path = "Data Service";
			sourceTree = "<group>";
		};
		88B86BD6258F820E0003450A /* Protocols */ = {
			isa = PBXGroup;
			children = (
				88B86BD7258F82200003450A /* TodoDataRemovable.swift */,
				88B86BDC258F82390003450A /* TodoDataEditable.swift */,
				88B86BE3258F82830003450A /* TodoDataListable.swift */,
				88B86BE0258F82700003450A /* TodoDataServiceProtocol.swift */,
			);
			path = Protocols;
			sourceTree = "<group>";
		};
		88B86BE8258F84720003450A /* View Model */ = {
			isa = PBXGroup;
			children = (
				88B86C11258F90F80003450A /* Main View Models */,
				88B86C13258F91040003450A /* Cell View Models */,
			);
			path = "View Model";
			sourceTree = "<group>";
		};
		88B86BED258F848C0003450A /* Protocols */ = {
			isa = PBXGroup;
			children = (
				88B86C18258F912B0003450A /* Main Protocols */,
				88B86C19258F91320003450A /* Cell Protocols */,
			);
			path = Protocols;
			sourceTree = "<group>";
		};
		88B86BFF258F8EF30003450A /* View Model */ = {
			isa = PBXGroup;
			children = (
				88B86C00258F8F010003450A /* Main View Models */,
			);
			path = "View Model";
			sourceTree = "<group>";
		};
		88B86C00258F8F010003450A /* Main View Models */ = {
			isa = PBXGroup;
			children = (
				88B86C01258F8F180003450A /* TodoListViewModel.swift */,
			);
			path = "Main View Models";
			sourceTree = "<group>";
		};
		88B86C04258F8F390003450A /* Main Classes */ = {
			isa = PBXGroup;
			children = (
				88B86C33258FA4660003450A /* TodoDetailViewController+Bindings.swift */,
				88B86BA2258F71A90003450A /* TodoDetailViewController.swift */,
			);
			path = "Main Classes";
			sourceTree = "<group>";
		};
		88B86C05258F8F400003450A /* Cell Classes */ = {
			isa = PBXGroup;
			children = (
				88B86C06258F8F630003450A /* TodoListCell.swift */,
			);
			path = "Cell Classes";
			sourceTree = "<group>";
		};
		88B86C0E258F8F970003450A /* IB Components */ = {
			isa = PBXGroup;
			children = (
				88B86C0F258F8FAB0003450A /* Cell UI */,
			);
			path = "IB Components";
			sourceTree = "<group>";
		};
		88B86C0F258F8FAB0003450A /* Cell UI */ = {
			isa = PBXGroup;
			children = (
				88B86C07258F8F630003450A /* TodoListCell.xib */,
			);
			path = "Cell UI";
			sourceTree = "<group>";
		};
		88B86C11258F90F80003450A /* Main View Models */ = {
			isa = PBXGroup;
			children = (
				88B86BE9258F84830003450A /* TodoDetailViewModel.swift */,
			);
			path = "Main View Models";
			sourceTree = "<group>";
		};
		88B86C13258F91040003450A /* Cell View Models */ = {
			isa = PBXGroup;
			children = (
				88B86C14258F91160003450A /* TodoListCellViewModel.swift */,
			);
			path = "Cell View Models";
			sourceTree = "<group>";
		};
		88B86C18258F912B0003450A /* Main Protocols */ = {
			isa = PBXGroup;
			children = (
				88B86C1E258F92850003450A /* TodoListViewModelProtocol.swift */,
				88B86BEE258F849D0003450A /* TodoDetailViewModelProtocol.swift */,
			);
			path = "Main Protocols";
			sourceTree = "<group>";
		};
		88B86C19258F91320003450A /* Cell Protocols */ = {
			isa = PBXGroup;
			children = (
				88B86C1A258F913F0003450A /* TodoListCellViewModelProtocol.swift */,
			);
			path = "Cell Protocols";
			sourceTree = "<group>";
		};
		88B86C21258F92B40003450A /* Model */ = {
			isa = PBXGroup;
			children = (
				88B86C22258F92C20003450A /* PaginationType.swift */,
			);
			path = Model;
			sourceTree = "<group>";
		};
/* End PBXGroup section */

/* Begin PBXNativeTarget section */
		88B86B66258F64BD0003450A /* TodoApp */ = {
			isa = PBXNativeTarget;
			buildConfigurationList = 88B86B7E258F64BF0003450A /* Build configuration list for PBXNativeTarget "TodoApp" */;
			buildPhases = (
				88B86B63258F64BD0003450A /* Sources */,
				88B86B64258F64BD0003450A /* Frameworks */,
				88B86B65258F64BD0003450A /* Resources */,
			);
			buildRules = (
			);
			dependencies = (
			);
			name = TodoApp;
			productName = TodoApp;
			productReference = 88B86B67258F64BD0003450A /* TodoApp.app */;
			productType = "com.apple.product-type.application";
		};
/* End PBXNativeTarget section */

/* Begin PBXProject section */
		88B86B5F258F64BD0003450A /* Project object */ = {
			isa = PBXProject;
			attributes = {
				LastSwiftUpdateCheck = 1220;
				LastUpgradeCheck = 1220;
				TargetAttributes = {
					88B86B66258F64BD0003450A = {
						CreatedOnToolsVersion = 12.2;
					};
				};
			};
			buildConfigurationList = 88B86B62258F64BD0003450A /* Build configuration list for PBXProject "TodoApp" */;
			compatibilityVersion = "Xcode 9.3";
			developmentRegion = en;
			hasScannedForEncodings = 0;
			knownRegions = (
				en,
				Base,
			);
			mainGroup = 88B86B5E258F64BD0003450A;
			productRefGroup = 88B86B68258F64BD0003450A /* Products */;
			projectDirPath = "";
			projectRoot = "";
			targets = (
				88B86B66258F64BD0003450A /* TodoApp */,
			);
		};
/* End PBXProject section */

/* Begin PBXResourcesBuildPhase section */
		88B86B65258F64BD0003450A /* Resources */ = {
			isa = PBXResourcesBuildPhase;
			buildActionMask = 2147483647;
			files = (
				88B86B7A258F64BF0003450A /* LaunchScreen.storyboard in Resources */,
				88B86B77258F64BF0003450A /* Assets.xcassets in Resources */,
				88B86B72258F64BD0003450A /* Main.storyboard in Resources */,
				88B86C09258F8F630003450A /* TodoListCell.xib in Resources */,
			);
			runOnlyForDeploymentPostprocessing = 0;
		};
/* End PBXResourcesBuildPhase section */

/* Begin PBXSourcesBuildPhase section */
		88B86B63258F64BD0003450A /* Sources */ = {
			isa = PBXSourcesBuildPhase;
			buildActionMask = 2147483647;
			files = (
				88B86BB9258F77AB0003450A /* CodingUserInfoKey+Extensions.swift in Sources */,
				88B86C08258F8F630003450A /* TodoListCell.swift in Sources */,
				88B86BE4258F82830003450A /* TodoDataListable.swift in Sources */,
				88B86C1F258F92850003450A /* TodoListViewModelProtocol.swift in Sources */,
				88B86C28258F94D10003450A /* Int+Extensions.swift in Sources */,
				88B86B98258F6EFD0003450A /* Pushable.swift in Sources */,
				88B86BCE258F7A820003450A /* TodoItem.swift in Sources */,
				88B86BC1258F77E10003450A /* DecoderConfigurationError.swift in Sources */,
				88B86B6F258F64BD0003450A /* TodoListViewController.swift in Sources */,
				88B86B8E258F6EAF0003450A /* TodoRouter.swift in Sources */,
				88B86BB0258F76F10003450A /* TodoPersistencyService.swift in Sources */,
				88B86BA0258F71290003450A /* ViewControllerMaker.swift in Sources */,
				88B86BA9258F73200003450A /* TodoListViewController+Bindings.swift in Sources */,
				88B86BF3258F86A10003450A /* Strings.swift in Sources */,
				88B86BD3258F81E60003450A /* TodoDataService.swift in Sources */,
				88B86B6B258F64BD0003450A /* AppDelegate.swift in Sources */,
				88B86BAD258F760D0003450A /* CoerDataStack.swift in Sources */,
				88B86C2B258F99290003450A /* TodoListViewController+DataSource.swift in Sources */,
				88B86B6D258F64BD0003450A /* SceneDelegate.swift in Sources */,
				88B86C2E258F99360003450A /* TodoListViewController+Delegate.swift in Sources */,
				88B86BC6258F79B40003450A /* TodoPersistencyServiceProtocol.swift in Sources */,
				88B86C34258FA4660003450A /* TodoDetailViewController+Bindings.swift in Sources */,
				88B86BFB258F8DEE0003450A /* Numbers.swift in Sources */,
				88B86B75258F64BD0003450A /* TodoApp.xcdatamodeld in Sources */,
				88B86BDD258F82390003450A /* TodoDataEditable.swift in Sources */,
				88B86C15258F91160003450A /* TodoListCellViewModel.swift in Sources */,
				88B86B94258F6EF30003450A /* TodoRoutable.swift in Sources */,
				88B86BD8258F82200003450A /* TodoDataRemovable.swift in Sources */,
				88B86BCA258F79D80003450A /* Typealiases.swift in Sources */,
				88B86C23258F92C20003450A /* PaginationType.swift in Sources */,
				88B86BA3258F71A90003450A /* TodoDetailViewController.swift in Sources */,
				88B86BEF258F849D0003450A /* TodoDetailViewModelProtocol.swift in Sources */,
				88B86BE1258F82700003450A /* TodoDataServiceProtocol.swift in Sources */,
				88B86C02258F8F180003450A /* TodoListViewModel.swift in Sources */,
				88B86C3B258FAFD30003450A /* Colors.swift in Sources */,
				88B86BB4258F77760003450A /* TodoEntity.swift in Sources */,
				88B86BBD258F77C30003450A /* NSManagedObjectContext+Extensions.swift in Sources */,
				88B86C1B258F913F0003450A /* TodoListCellViewModelProtocol.swift in Sources */,
				88B86BEA258F84830003450A /* TodoDetailViewModel.swift in Sources */,
			);
			runOnlyForDeploymentPostprocessing = 0;
		};
/* End PBXSourcesBuildPhase section */

/* Begin PBXVariantGroup section */
		88B86B70258F64BD0003450A /* Main.storyboard */ = {
			isa = PBXVariantGroup;
			children = (
				88B86B71258F64BD0003450A /* Base */,
			);
			name = Main.storyboard;
			sourceTree = "<group>";
		};
		88B86B78258F64BF0003450A /* LaunchScreen.storyboard */ = {
			isa = PBXVariantGroup;
			children = (
				88B86B79258F64BF0003450A /* Base */,
			);
			name = LaunchScreen.storyboard;
			sourceTree = "<group>";
		};
/* End PBXVariantGroup section */

/* Begin XCBuildConfiguration section */
		88B86B7C258F64BF0003450A /* Debug */ = {
			isa = XCBuildConfiguration;
			buildSettings = {
				ALWAYS_SEARCH_USER_PATHS = NO;
				CLANG_ANALYZER_NONNULL = YES;
				CLANG_ANALYZER_NUMBER_OBJECT_CONVERSION = YES_AGGRESSIVE;
				CLANG_CXX_LANGUAGE_STANDARD = "gnu++14";
				CLANG_CXX_LIBRARY = "libc++";
				CLANG_ENABLE_MODULES = YES;
				CLANG_ENABLE_OBJC_ARC = YES;
				CLANG_ENABLE_OBJC_WEAK = YES;
				CLANG_WARN_BLOCK_CAPTURE_AUTORELEASING = YES;
				CLANG_WARN_BOOL_CONVERSION = YES;
				CLANG_WARN_COMMA = YES;
				CLANG_WARN_CONSTANT_CONVERSION = YES;
				CLANG_WARN_DEPRECATED_OBJC_IMPLEMENTATIONS = YES;
				CLANG_WARN_DIRECT_OBJC_ISA_USAGE = YES_ERROR;
				CLANG_WARN_DOCUMENTATION_COMMENTS = YES;
				CLANG_WARN_EMPTY_BODY = YES;
				CLANG_WARN_ENUM_CONVERSION = YES;
				CLANG_WARN_INFINITE_RECURSION = YES;
				CLANG_WARN_INT_CONVERSION = YES;
				CLANG_WARN_NON_LITERAL_NULL_CONVERSION = YES;
				CLANG_WARN_OBJC_IMPLICIT_RETAIN_SELF = YES;
				CLANG_WARN_OBJC_LITERAL_CONVERSION = YES;
				CLANG_WARN_OBJC_ROOT_CLASS = YES_ERROR;
				CLANG_WARN_QUOTED_INCLUDE_IN_FRAMEWORK_HEADER = YES;
				CLANG_WARN_RANGE_LOOP_ANALYSIS = YES;
				CLANG_WARN_STRICT_PROTOTYPES = YES;
				CLANG_WARN_SUSPICIOUS_MOVE = YES;
				CLANG_WARN_UNGUARDED_AVAILABILITY = YES_AGGRESSIVE;
				CLANG_WARN_UNREACHABLE_CODE = YES;
				CLANG_WARN__DUPLICATE_METHOD_MATCH = YES;
				COPY_PHASE_STRIP = NO;
				DEBUG_INFORMATION_FORMAT = dwarf;
				ENABLE_STRICT_OBJC_MSGSEND = YES;
				ENABLE_TESTABILITY = YES;
				GCC_C_LANGUAGE_STANDARD = gnu11;
				GCC_DYNAMIC_NO_PIC = NO;
				GCC_NO_COMMON_BLOCKS = YES;
				GCC_OPTIMIZATION_LEVEL = 0;
				GCC_PREPROCESSOR_DEFINITIONS = (
					"DEBUG=1",
					"$(inherited)",
				);
				GCC_WARN_64_TO_32_BIT_CONVERSION = YES;
				GCC_WARN_ABOUT_RETURN_TYPE = YES_ERROR;
				GCC_WARN_UNDECLARED_SELECTOR = YES;
				GCC_WARN_UNINITIALIZED_AUTOS = YES_AGGRESSIVE;
				GCC_WARN_UNUSED_FUNCTION = YES;
				GCC_WARN_UNUSED_VARIABLE = YES;
				IPHONEOS_DEPLOYMENT_TARGET = 14.2;
				MTL_ENABLE_DEBUG_INFO = INCLUDE_SOURCE;
				MTL_FAST_MATH = YES;
				ONLY_ACTIVE_ARCH = YES;
				SDKROOT = iphoneos;
				SWIFT_ACTIVE_COMPILATION_CONDITIONS = DEBUG;
				SWIFT_OPTIMIZATION_LEVEL = "-Onone";
			};
			name = Debug;
		};
		88B86B7D258F64BF0003450A /* Release */ = {
			isa = XCBuildConfiguration;
			buildSettings = {
				ALWAYS_SEARCH_USER_PATHS = NO;
				CLANG_ANALYZER_NONNULL = YES;
				CLANG_ANALYZER_NUMBER_OBJECT_CONVERSION = YES_AGGRESSIVE;
				CLANG_CXX_LANGUAGE_STANDARD = "gnu++14";
				CLANG_CXX_LIBRARY = "libc++";
				CLANG_ENABLE_MODULES = YES;
				CLANG_ENABLE_OBJC_ARC = YES;
				CLANG_ENABLE_OBJC_WEAK = YES;
				CLANG_WARN_BLOCK_CAPTURE_AUTORELEASING = YES;
				CLANG_WARN_BOOL_CONVERSION = YES;
				CLANG_WARN_COMMA = YES;
				CLANG_WARN_CONSTANT_CONVERSION = YES;
				CLANG_WARN_DEPRECATED_OBJC_IMPLEMENTATIONS = YES;
				CLANG_WARN_DIRECT_OBJC_ISA_USAGE = YES_ERROR;
				CLANG_WARN_DOCUMENTATION_COMMENTS = YES;
				CLANG_WARN_EMPTY_BODY = YES;
				CLANG_WARN_ENUM_CONVERSION = YES;
				CLANG_WARN_INFINITE_RECURSION = YES;
				CLANG_WARN_INT_CONVERSION = YES;
				CLANG_WARN_NON_LITERAL_NULL_CONVERSION = YES;
				CLANG_WARN_OBJC_IMPLICIT_RETAIN_SELF = YES;
				CLANG_WARN_OBJC_LITERAL_CONVERSION = YES;
				CLANG_WARN_OBJC_ROOT_CLASS = YES_ERROR;
				CLANG_WARN_QUOTED_INCLUDE_IN_FRAMEWORK_HEADER = YES;
				CLANG_WARN_RANGE_LOOP_ANALYSIS = YES;
				CLANG_WARN_STRICT_PROTOTYPES = YES;
				CLANG_WARN_SUSPICIOUS_MOVE = YES;
				CLANG_WARN_UNGUARDED_AVAILABILITY = YES_AGGRESSIVE;
				CLANG_WARN_UNREACHABLE_CODE = YES;
				CLANG_WARN__DUPLICATE_METHOD_MATCH = YES;
				COPY_PHASE_STRIP = NO;
				DEBUG_INFORMATION_FORMAT = "dwarf-with-dsym";
				ENABLE_NS_ASSERTIONS = NO;
				ENABLE_STRICT_OBJC_MSGSEND = YES;
				GCC_C_LANGUAGE_STANDARD = gnu11;
				GCC_NO_COMMON_BLOCKS = YES;
				GCC_WARN_64_TO_32_BIT_CONVERSION = YES;
				GCC_WARN_ABOUT_RETURN_TYPE = YES_ERROR;
				GCC_WARN_UNDECLARED_SELECTOR = YES;
				GCC_WARN_UNINITIALIZED_AUTOS = YES_AGGRESSIVE;
				GCC_WARN_UNUSED_FUNCTION = YES;
				GCC_WARN_UNUSED_VARIABLE = YES;
				IPHONEOS_DEPLOYMENT_TARGET = 14.2;
				MTL_ENABLE_DEBUG_INFO = NO;
				MTL_FAST_MATH = YES;
				SDKROOT = iphoneos;
				SWIFT_COMPILATION_MODE = wholemodule;
				SWIFT_OPTIMIZATION_LEVEL = "-O";
				VALIDATE_PRODUCT = YES;
			};
			name = Release;
		};
		88B86B7F258F64BF0003450A /* Debug */ = {
			isa = XCBuildConfiguration;
			buildSettings = {
				ASSETCATALOG_COMPILER_APPICON_NAME = AppIcon;
				ASSETCATALOG_COMPILER_GLOBAL_ACCENT_COLOR_NAME = AccentColor;
				CODE_SIGN_STYLE = Automatic;
				DEVELOPMENT_TEAM = B3L6HNN9N3;
				INFOPLIST_FILE = TodoApp/Info.plist;
				LD_RUNPATH_SEARCH_PATHS = (
					"$(inherited)",
					"@executable_path/Frameworks",
				);
				PRODUCT_BUNDLE_IDENTIFIER = com.anilkul.TodoApp;
				PRODUCT_NAME = "$(TARGET_NAME)";
				SWIFT_VERSION = 5.0;
				TARGETED_DEVICE_FAMILY = "1,2";
			};
			name = Debug;
		};
		88B86B80258F64BF0003450A /* Release */ = {
			isa = XCBuildConfiguration;
			buildSettings = {
				ASSETCATALOG_COMPILER_APPICON_NAME = AppIcon;
				ASSETCATALOG_COMPILER_GLOBAL_ACCENT_COLOR_NAME = AccentColor;
				CODE_SIGN_STYLE = Automatic;
				DEVELOPMENT_TEAM = B3L6HNN9N3;
				INFOPLIST_FILE = TodoApp/Info.plist;
				LD_RUNPATH_SEARCH_PATHS = (
					"$(inherited)",
					"@executable_path/Frameworks",
				);
				PRODUCT_BUNDLE_IDENTIFIER = com.anilkul.TodoApp;
				PRODUCT_NAME = "$(TARGET_NAME)";
				SWIFT_VERSION = 5.0;
				TARGETED_DEVICE_FAMILY = "1,2";
			};
			name = Release;
		};
/* End XCBuildConfiguration section */

/* Begin XCConfigurationList section */
		88B86B62258F64BD0003450A /* Build configuration list for PBXProject "TodoApp" */ = {
			isa = XCConfigurationList;
			buildConfigurations = (
				88B86B7C258F64BF0003450A /* Debug */,
				88B86B7D258F64BF0003450A /* Release */,
			);
			defaultConfigurationIsVisible = 0;
			defaultConfigurationName = Release;
		};
		88B86B7E258F64BF0003450A /* Build configuration list for PBXNativeTarget "TodoApp" */ = {
			isa = XCConfigurationList;
			buildConfigurations = (
				88B86B7F258F64BF0003450A /* Debug */,
				88B86B80258F64BF0003450A /* Release */,
			);
			defaultConfigurationIsVisible = 0;
			defaultConfigurationName = Release;
		};
/* End XCConfigurationList section */

/* Begin XCVersionGroup section */
		88B86B73258F64BD0003450A /* TodoApp.xcdatamodeld */ = {
			isa = XCVersionGroup;
			children = (
				88B86B74258F64BD0003450A /* TodoApp.xcdatamodel */,
			);
			currentVersion = 88B86B74258F64BD0003450A /* TodoApp.xcdatamodel */;
			path = TodoApp.xcdatamodeld;
			sourceTree = "<group>";
			versionGroupType = wrapper.xcdatamodel;
		};
/* End XCVersionGroup section */
	};
	rootObject = 88B86B5F258F64BD0003450A /* Project object */;
}
